
Microsoft Visual Studio Solution File, Format Version 12.00
# Visual Studio 15
VisualStudioVersion = 15.0.26124.0
MinimumVisualStudioVersion = 15.0.26124.0
Project("{2150E333-8FDC-42A3-9474-1A3956D46DE8}") = "src", "src", "{863EF027-43F3-4479-8FF6-AE169202D45B}"
EndProject
Project("{FAE04EC0-301F-11D3-BF4B-00C04F79EFBC}") = "helloRestful", "src\helloRestful\helloRestful.csproj", "{4EE49476-0D56-4090-BE2E-5C4CF90D28FB}"
EndProject
Project("{2150E333-8FDC-42A3-9474-1A3956D46DE8}") = "test", "test", "{04F5FBDF-3066-4D70-B22B-40F90C0034B0}"
EndProject
Project("{FAE04EC0-301F-11D3-BF4B-00C04F79EFBC}") = "helloRestful.Unittest", "test\helloRestful.Unittest\helloRestful.Unittest.csproj", "{805BCE8E-4FA2-4238-9ED9-A439A9D56E60}"
EndProject
Global
	GlobalSection(SolutionConfigurationPlatforms) = preSolution
		Debug|Any CPU = Debug|Any CPU
		Debug|x64 = Debug|x64
		Debug|x86 = Debug|x86
		Release|Any CPU = Release|Any CPU
		Release|x64 = Release|x64
		Release|x86 = Release|x86
	EndGlobalSection
	GlobalSection(SolutionProperties) = preSolution
		HideSolutionNode = FALSE
	EndGlobalSection
	GlobalSection(ProjectConfigurationPlatforms) = postSolution
		{4EE49476-0D56-4090-BE2E-5C4CF90D28FB}.Debug|Any CPU.ActiveCfg = Debug|Any CPU
		{4EE49476-0D56-4090-BE2E-5C4CF90D28FB}.Debug|Any CPU.Build.0 = Debug|Any CPU
		{4EE49476-0D56-4090-BE2E-5C4CF90D28FB}.Debug|x64.ActiveCfg = Debug|Any CPU
		{4EE49476-0D56-4090-BE2E-5C4CF90D28FB}.Debug|x64.Build.0 = Debug|Any CPU
		{4EE49476-0D56-4090-BE2E-5C4CF90D28FB}.Debug|x86.ActiveCfg = Debug|Any CPU
		{4EE49476-0D56-4090-BE2E-5C4CF90D28FB}.Debug|x86.Build.0 = Debug|Any CPU
		{4EE49476-0D56-4090-BE2E-5C4CF90D28FB}.Release|Any CPU.ActiveCfg = Release|Any CPU
		{4EE49476-0D56-4090-BE2E-5C4CF90D28FB}.Release|Any CPU.Build.0 = Release|Any CPU
		{4EE49476-0D56-4090-BE2E-5C4CF90D28FB}.Release|x64.ActiveCfg = Release|Any CPU
		{4EE49476-0D56-4090-BE2E-5C4CF90D28FB}.Release|x64.Build.0 = Release|Any CPU
		{4EE49476-0D56-4090-BE2E-5C4CF90D28FB}.Release|x86.ActiveCfg = Release|Any CPU
		{4EE49476-0D56-4090-BE2E-5C4CF90D28FB}.Release|x86.Build.0 = Release|Any CPU
		{805BCE8E-4FA2-4238-9ED9-A439A9D56E60}.Debug|Any CPU.ActiveCfg = Debug|Any CPU
		{805BCE8E-4FA2-4238-9ED9-A439A9D56E60}.Debug|Any CPU.Build.0 = Debug|Any CPU
		{805BCE8E-4FA2-4238-9ED9-A439A9D56E60}.Debug|x64.ActiveCfg = Debug|Any CPU
		{805BCE8E-4FA2-4238-9ED9-A439A9D56E60}.Debug|x64.Build.0 = Debug|Any CPU
		{805BCE8E-4FA2-4238-9ED9-A439A9D56E60}.Debug|x86.ActiveCfg = Debug|Any CPU
		{805BCE8E-4FA2-4238-9ED9-A439A9D56E60}.Debug|x86.Build.0 = Debug|Any CPU
		{805BCE8E-4FA2-4238-9ED9-A439A9D56E60}.Release|Any CPU.ActiveCfg = Release|Any CPU
		{805BCE8E-4FA2-4238-9ED9-A439A9D56E60}.Release|Any CPU.Build.0 = Release|Any CPU
		{805BCE8E-4FA2-4238-9ED9-A439A9D56E60}.Release|x64.ActiveCfg = Release|Any CPU
		{805BCE8E-4FA2-4238-9ED9-A439A9D56E60}.Release|x64.Build.0 = Release|Any CPU
		{805BCE8E-4FA2-4238-9ED9-A439A9D56E60}.Release|x86.ActiveCfg = Release|Any CPU
		{805BCE8E-4FA2-4238-9ED9-A439A9D56E60}.Release|x86.Build.0 = Release|Any CPU
	EndGlobalSection
	GlobalSection(NestedProjects) = preSolution
		{4EE49476-0D56-4090-BE2E-5C4CF90D28FB} = {863EF027-43F3-4479-8FF6-AE169202D45B}
		{805BCE8E-4FA2-4238-9ED9-A439A9D56E60} = {04F5FBDF-3066-4D70-B22B-40F90C0034B0}
	EndGlobalSection
EndGlobal
